
Microsoft Visual Studio Solution File, Format Version 12.00
# Visual Studio 15
VisualStudioVersion = 15.0.27428.2005
MinimumVisualStudioVersion = 10.0.40219.1
Project("{FAE04EC0-301F-11D3-BF4B-00C04F79EFBC}") = "API_Persistance", "API_Persistance\API_Persistance.csproj", "{13D9D3FA-2089-4BEC-BCE6-1F830BB66D3E}"
EndProject
Project("{FAE04EC0-301F-11D3-BF4B-00C04F79EFBC}") = "API_Persistance.Models", "API_Persistance.Models\API_Persistance.Models.csproj", "{DFF60274-8DE7-46B2-858C-EF0EE61BBFC2}"
EndProject
Global
	GlobalSection(SolutionConfigurationPlatforms) = preSolution
		Debug|Any CPU = Debug|Any CPU
		Release|Any CPU = Release|Any CPU
	EndGlobalSection
	GlobalSection(ProjectConfigurationPlatforms) = postSolution
		{13D9D3FA-2089-4BEC-BCE6-1F830BB66D3E}.Debug|Any CPU.ActiveCfg = Debug|Any CPU
		{13D9D3FA-2089-4BEC-BCE6-1F830BB66D3E}.Debug|Any CPU.Build.0 = Debug|Any CPU
		{13D9D3FA-2089-4BEC-BCE6-1F830BB66D3E}.Release|Any CPU.ActiveCfg = Release|Any CPU
		{13D9D3FA-2089-4BEC-BCE6-1F830BB66D3E}.Release|Any CPU.Build.0 = Release|Any CPU
		{DFF60274-8DE7-46B2-858C-EF0EE61BBFC2}.Debug|Any CPU.ActiveCfg = Debug|Any CPU
		{DFF60274-8DE7-46B2-858C-EF0EE61BBFC2}.Debug|Any CPU.Build.0 = Debug|Any CPU
		{DFF60274-8DE7-46B2-858C-EF0EE61BBFC2}.Release|Any CPU.ActiveCfg = Release|Any CPU
		{DFF60274-8DE7-46B2-858C-EF0EE61BBFC2}.Release|Any CPU.Build.0 = Release|Any CPU
	EndGlobalSection
	GlobalSection(SolutionProperties) = preSolution
		HideSolutionNode = FALSE
	EndGlobalSection
	GlobalSection(ExtensibilityGlobals) = postSolution
		SolutionGuid = {DE63C8B8-9DAD-43CE-9DF6-4143711950F6}
	EndGlobalSection
EndGlobal
